
Microsoft Visual Studio Solution File, Format Version 12.00
# Visual Studio Version 17
VisualStudioVersion = 17.2.32505.173
MinimumVisualStudioVersion = 10.0.40219.1
Project("{FAE04EC0-301F-11D3-BF4B-00C04F79EFBC}") = "activity2.0", "activity2.0\activity2.0.csproj", "{D7A90061-8557-460B-A17E-59BEE2ED5C90}"
EndProject
Global
	GlobalSection(SolutionConfigurationPlatforms) = preSolution
		Debug|Any CPU = Debug|Any CPU
		Release|Any CPU = Release|Any CPU
	EndGlobalSection
	GlobalSection(ProjectConfigurationPlatforms) = postSolution
		{D7A90061-8557-460B-A17E-59BEE2ED5C90}.Debug|Any CPU.ActiveCfg = Debug|Any CPU
		{D7A90061-8557-460B-A17E-59BEE2ED5C90}.Debug|Any CPU.Build.0 = Debug|Any CPU
		{D7A90061-8557-460B-A17E-59BEE2ED5C90}.Release|Any CPU.ActiveCfg = Release|Any CPU
		{D7A90061-8557-460B-A17E-59BEE2ED5C90}.Release|Any CPU.Build.0 = Release|Any CPU
	EndGlobalSection
	GlobalSection(SolutionProperties) = preSolution
		HideSolutionNode = FALSE
	EndGlobalSection
	GlobalSection(ExtensibilityGlobals) = postSolution
		SolutionGuid = {5E330E73-CDC7-4A0F-971A-6C2F9EAC3842}
	EndGlobalSection
EndGlobal
