
Microsoft Visual Studio Solution File, Format Version 12.00
# Visual Studio Version 17
VisualStudioVersion = 17.2.32505.173
MinimumVisualStudioVersion = 10.0.40219.1
Project("{FAE04EC0-301F-11D3-BF4B-00C04F79EFBC}") = "LABB-12", "LABB-12\LABB-12.csproj", "{2DF17D08-7698-4160-BC15-1354C265E23D}"
EndProject
Global
	GlobalSection(SolutionConfigurationPlatforms) = preSolution
		Debug|Any CPU = Debug|Any CPU
		Release|Any CPU = Release|Any CPU
	EndGlobalSection
	GlobalSection(ProjectConfigurationPlatforms) = postSolution
		{2DF17D08-7698-4160-BC15-1354C265E23D}.Debug|Any CPU.ActiveCfg = Debug|Any CPU
		{2DF17D08-7698-4160-BC15-1354C265E23D}.Debug|Any CPU.Build.0 = Debug|Any CPU
		{2DF17D08-7698-4160-BC15-1354C265E23D}.Release|Any CPU.ActiveCfg = Release|Any CPU
		{2DF17D08-7698-4160-BC15-1354C265E23D}.Release|Any CPU.Build.0 = Release|Any CPU
	EndGlobalSection
	GlobalSection(SolutionProperties) = preSolution
		HideSolutionNode = FALSE
	EndGlobalSection
	GlobalSection(ExtensibilityGlobals) = postSolution
		SolutionGuid = {C1F97B06-76FB-4C26-9377-E2BE6CDB1C93}
	EndGlobalSection
EndGlobal
